
Microsoft Visual Studio Solution File, Format Version 12.00
# Visual Studio 14
VisualStudioVersion = 14.0.24720.0
MinimumVisualStudioVersion = 10.0.40219.1
Project("{FAE04EC0-301F-11D3-BF4B-00C04F79EFBC}") = "L1_BinaryGap", "L1_BinaryGap\L1_BinaryGap.csproj", "{E28CAA4F-2D5D-4964-91A3-4997495F7BFD}"
EndProject
Project("{FAE04EC0-301F-11D3-BF4B-00C04F79EFBC}") = "L2_CyclicRotation", "L2_CyclicRotation\L2_CyclicRotation.csproj", "{B7697128-278C-4376-AC08-3DEB312B645C}"
EndProject
Project("{FAE04EC0-301F-11D3-BF4B-00C04F79EFBC}") = "L2_OddOccurrencesInArray", "L2_OddOccurrencesInArray\L2_OddOccurrencesInArray.csproj", "{2CF84A28-8C24-48A3-A842-173E16C2D0B9}"
EndProject
Global
	GlobalSection(SolutionConfigurationPlatforms) = preSolution
		Debug|Any CPU = Debug|Any CPU
		Release|Any CPU = Release|Any CPU
	EndGlobalSection
	GlobalSection(ProjectConfigurationPlatforms) = postSolution
		{E28CAA4F-2D5D-4964-91A3-4997495F7BFD}.Debug|Any CPU.ActiveCfg = Debug|Any CPU
		{E28CAA4F-2D5D-4964-91A3-4997495F7BFD}.Debug|Any CPU.Build.0 = Debug|Any CPU
		{E28CAA4F-2D5D-4964-91A3-4997495F7BFD}.Release|Any CPU.ActiveCfg = Release|Any CPU
		{E28CAA4F-2D5D-4964-91A3-4997495F7BFD}.Release|Any CPU.Build.0 = Release|Any CPU
		{B7697128-278C-4376-AC08-3DEB312B645C}.Debug|Any CPU.ActiveCfg = Debug|Any CPU
		{B7697128-278C-4376-AC08-3DEB312B645C}.Debug|Any CPU.Build.0 = Debug|Any CPU
		{B7697128-278C-4376-AC08-3DEB312B645C}.Release|Any CPU.ActiveCfg = Release|Any CPU
		{B7697128-278C-4376-AC08-3DEB312B645C}.Release|Any CPU.Build.0 = Release|Any CPU
		{2CF84A28-8C24-48A3-A842-173E16C2D0B9}.Debug|Any CPU.ActiveCfg = Debug|Any CPU
		{2CF84A28-8C24-48A3-A842-173E16C2D0B9}.Debug|Any CPU.Build.0 = Debug|Any CPU
		{2CF84A28-8C24-48A3-A842-173E16C2D0B9}.Release|Any CPU.ActiveCfg = Release|Any CPU
		{2CF84A28-8C24-48A3-A842-173E16C2D0B9}.Release|Any CPU.Build.0 = Release|Any CPU
	EndGlobalSection
	GlobalSection(SolutionProperties) = preSolution
		HideSolutionNode = FALSE
	EndGlobalSection
EndGlobal
